
Microsoft Visual Studio Solution File, Format Version 12.00
# Visual Studio Version 18
VisualStudioVersion = 18.4.11626.88
MinimumVisualStudioVersion = 10.0.40219.1
Project("{FAE04EC0-301F-11D3-BF4B-00C04F79EFBC}") = "MyDergiApp", "MyDergiApp.csproj", "{49981AD9-B4F2-209E-6BA6-7869B4C8A252}"
EndProject
Global
	GlobalSection(SolutionConfigurationPlatforms) = preSolution
		Debug|Any CPU = Debug|Any CPU
		Release|Any CPU = Release|Any CPU
	EndGlobalSection
	GlobalSection(ProjectConfigurationPlatforms) = postSolution
		{49981AD9-B4F2-209E-6BA6-7869B4C8A252}.Debug|Any CPU.ActiveCfg = Debug|Any CPU
		{49981AD9-B4F2-209E-6BA6-7869B4C8A252}.Debug|Any CPU.Build.0 = Debug|Any CPU
		{49981AD9-B4F2-209E-6BA6-7869B4C8A252}.Release|Any CPU.ActiveCfg = Release|Any CPU
		{49981AD9-B4F2-209E-6BA6-7869B4C8A252}.Release|Any CPU.Build.0 = Release|Any CPU
	EndGlobalSection
	GlobalSection(SolutionProperties) = preSolution
		HideSolutionNode = FALSE
	EndGlobalSection
	GlobalSection(ExtensibilityGlobals) = postSolution
		SolutionGuid = {1C0C37C4-F232-44A0-920F-E0A2439EFF60}
	EndGlobalSection
EndGlobal
